
Microsoft Visual Studio Solution File, Format Version 12.00
# Visual Studio Version 16
VisualStudioVersion = 16.0.29324.140
MinimumVisualStudioVersion = 10.0.40219.1
Project("{9A19103F-16F7-4668-BE54-9A1E7A4F7556}") = "WhatsNewInCSharp8", "WhatsNewInCSharp8\WhatsNewInCSharp8.csproj", "{D3F34989-74D9-443C-8053-593FE5FCB4F9}"
EndProject
Project("{9A19103F-16F7-4668-BE54-9A1E7A4F7556}") = "NotNullableLib", "NotNullableLib\NotNullableLib.csproj", "{73030A97-EEB2-4A5B-97EA-E893A01B5028}"
EndProject
Project("{9A19103F-16F7-4668-BE54-9A1E7A4F7556}") = "Cosmos", "Cosmos\Cosmos.csproj", "{81EA73E0-AB9E-4510-8332-A8BA570DDE8F}"
EndProject
Project("{9A19103F-16F7-4668-BE54-9A1E7A4F7556}") = "SqlDatabase", "SqlDatabase\SqlDatabase.csproj", "{DBB61E1D-9F6F-4BAE-BD3B-4EB3468D7DDA}"
EndProject
Project("{2150E333-8FDC-42A3-9474-1A3956D46DE8}") = "2. CSharp8", "2. CSharp8", "{219729EE-BF8A-46E2-8207-15FAB0343683}"
EndProject
Project("{2150E333-8FDC-42A3-9474-1A3956D46DE8}") = "3. EF3", "3. EF3", "{A87D1258-98B9-4C70-8BB4-671582B52B93}"
EndProject
Project("{2150E333-8FDC-42A3-9474-1A3956D46DE8}") = "4. Desktop IoT", "4. Desktop IoT", "{166D11B4-EE20-4A40-8514-49B85200D9CE}"
EndProject
Project("{9A19103F-16F7-4668-BE54-9A1E7A4F7556}") = "WinFormIoTHubGateway", "WinFormsIoTHubGateway\WinFormIoTHubGateway.csproj", "{67CCCE11-CF4F-424D-9373-77CA880EEC36}"
EndProject
Project("{9A19103F-16F7-4668-BE54-9A1E7A4F7556}") = "WinFormsCoreLib", "WinFormsCoreLib\WinFormsCoreLib.csproj", "{9F826BF0-4B75-4BE7-8165-7BFE9BB3A1EE}"
EndProject
Project("{2150E333-8FDC-42A3-9474-1A3956D46DE8}") = "1. .NET Core 3.0", "1. .NET Core 3.0", "{008D0426-467F-42F3-98FF-CF3F2690A5D6}"
EndProject
Project("{9A19103F-16F7-4668-BE54-9A1E7A4F7556}") = "IoT", "IoT\IoT.csproj", "{88149A74-6869-4928-A2BC-C6740E282745}"
EndProject
Project("{FAE04EC0-301F-11D3-BF4B-00C04F79EFBC}") = "DotNetCore3", "DotNetCore3\DotNetCore3.csproj", "{916CB3B4-0B25-444F-9334-C0CB4B61BA8D}"
EndProject
Global
	GlobalSection(SolutionConfigurationPlatforms) = preSolution
		Debug|Any CPU = Debug|Any CPU
		Debug|x64 = Debug|x64
		Release|Any CPU = Release|Any CPU
		Release|x64 = Release|x64
	EndGlobalSection
	GlobalSection(ProjectConfigurationPlatforms) = postSolution
		{D3F34989-74D9-443C-8053-593FE5FCB4F9}.Debug|Any CPU.ActiveCfg = Debug|Any CPU
		{D3F34989-74D9-443C-8053-593FE5FCB4F9}.Debug|Any CPU.Build.0 = Debug|Any CPU
		{D3F34989-74D9-443C-8053-593FE5FCB4F9}.Debug|x64.ActiveCfg = Debug|Any CPU
		{D3F34989-74D9-443C-8053-593FE5FCB4F9}.Debug|x64.Build.0 = Debug|Any CPU
		{D3F34989-74D9-443C-8053-593FE5FCB4F9}.Release|Any CPU.ActiveCfg = Release|Any CPU
		{D3F34989-74D9-443C-8053-593FE5FCB4F9}.Release|Any CPU.Build.0 = Release|Any CPU
		{D3F34989-74D9-443C-8053-593FE5FCB4F9}.Release|x64.ActiveCfg = Release|Any CPU
		{D3F34989-74D9-443C-8053-593FE5FCB4F9}.Release|x64.Build.0 = Release|Any CPU
		{73030A97-EEB2-4A5B-97EA-E893A01B5028}.Debug|Any CPU.ActiveCfg = Debug|Any CPU
		{73030A97-EEB2-4A5B-97EA-E893A01B5028}.Debug|Any CPU.Build.0 = Debug|Any CPU
		{73030A97-EEB2-4A5B-97EA-E893A01B5028}.Debug|x64.ActiveCfg = Debug|Any CPU
		{73030A97-EEB2-4A5B-97EA-E893A01B5028}.Debug|x64.Build.0 = Debug|Any CPU
		{73030A97-EEB2-4A5B-97EA-E893A01B5028}.Release|Any CPU.ActiveCfg = Release|Any CPU
		{73030A97-EEB2-4A5B-97EA-E893A01B5028}.Release|Any CPU.Build.0 = Release|Any CPU
		{73030A97-EEB2-4A5B-97EA-E893A01B5028}.Release|x64.ActiveCfg = Release|Any CPU
		{73030A97-EEB2-4A5B-97EA-E893A01B5028}.Release|x64.Build.0 = Release|Any CPU
		{81EA73E0-AB9E-4510-8332-A8BA570DDE8F}.Debug|Any CPU.ActiveCfg = Debug|Any CPU
		{81EA73E0-AB9E-4510-8332-A8BA570DDE8F}.Debug|Any CPU.Build.0 = Debug|Any CPU
		{81EA73E0-AB9E-4510-8332-A8BA570DDE8F}.Debug|x64.ActiveCfg = Debug|Any CPU
		{81EA73E0-AB9E-4510-8332-A8BA570DDE8F}.Debug|x64.Build.0 = Debug|Any CPU
		{81EA73E0-AB9E-4510-8332-A8BA570DDE8F}.Release|Any CPU.ActiveCfg = Release|Any CPU
		{81EA73E0-AB9E-4510-8332-A8BA570DDE8F}.Release|Any CPU.Build.0 = Release|Any CPU
		{81EA73E0-AB9E-4510-8332-A8BA570DDE8F}.Release|x64.ActiveCfg = Release|Any CPU
		{81EA73E0-AB9E-4510-8332-A8BA570DDE8F}.Release|x64.Build.0 = Release|Any CPU
		{DBB61E1D-9F6F-4BAE-BD3B-4EB3468D7DDA}.Debug|Any CPU.ActiveCfg = Debug|Any CPU
		{DBB61E1D-9F6F-4BAE-BD3B-4EB3468D7DDA}.Debug|Any CPU.Build.0 = Debug|Any CPU
		{DBB61E1D-9F6F-4BAE-BD3B-4EB3468D7DDA}.Debug|x64.ActiveCfg = Debug|Any CPU
		{DBB61E1D-9F6F-4BAE-BD3B-4EB3468D7DDA}.Debug|x64.Build.0 = Debug|Any CPU
		{DBB61E1D-9F6F-4BAE-BD3B-4EB3468D7DDA}.Release|Any CPU.ActiveCfg = Release|Any CPU
		{DBB61E1D-9F6F-4BAE-BD3B-4EB3468D7DDA}.Release|Any CPU.Build.0 = Release|Any CPU
		{DBB61E1D-9F6F-4BAE-BD3B-4EB3468D7DDA}.Release|x64.ActiveCfg = Release|Any CPU
		{DBB61E1D-9F6F-4BAE-BD3B-4EB3468D7DDA}.Release|x64.Build.0 = Release|Any CPU
		{67CCCE11-CF4F-424D-9373-77CA880EEC36}.Debug|Any CPU.ActiveCfg = Debug|Any CPU
		{67CCCE11-CF4F-424D-9373-77CA880EEC36}.Debug|Any CPU.Build.0 = Debug|Any CPU
		{67CCCE11-CF4F-424D-9373-77CA880EEC36}.Debug|x64.ActiveCfg = Debug|Any CPU
		{67CCCE11-CF4F-424D-9373-77CA880EEC36}.Debug|x64.Build.0 = Debug|Any CPU
		{67CCCE11-CF4F-424D-9373-77CA880EEC36}.Release|Any CPU.ActiveCfg = Release|Any CPU
		{67CCCE11-CF4F-424D-9373-77CA880EEC36}.Release|Any CPU.Build.0 = Release|Any CPU
		{67CCCE11-CF4F-424D-9373-77CA880EEC36}.Release|x64.ActiveCfg = Release|Any CPU
		{67CCCE11-CF4F-424D-9373-77CA880EEC36}.Release|x64.Build.0 = Release|Any CPU
		{9F826BF0-4B75-4BE7-8165-7BFE9BB3A1EE}.Debug|Any CPU.ActiveCfg = Debug|Any CPU
		{9F826BF0-4B75-4BE7-8165-7BFE9BB3A1EE}.Debug|Any CPU.Build.0 = Debug|Any CPU
		{9F826BF0-4B75-4BE7-8165-7BFE9BB3A1EE}.Debug|x64.ActiveCfg = Debug|Any CPU
		{9F826BF0-4B75-4BE7-8165-7BFE9BB3A1EE}.Debug|x64.Build.0 = Debug|Any CPU
		{9F826BF0-4B75-4BE7-8165-7BFE9BB3A1EE}.Release|Any CPU.ActiveCfg = Release|Any CPU
		{9F826BF0-4B75-4BE7-8165-7BFE9BB3A1EE}.Release|Any CPU.Build.0 = Release|Any CPU
		{9F826BF0-4B75-4BE7-8165-7BFE9BB3A1EE}.Release|x64.ActiveCfg = Release|Any CPU
		{9F826BF0-4B75-4BE7-8165-7BFE9BB3A1EE}.Release|x64.Build.0 = Release|Any CPU
		{88149A74-6869-4928-A2BC-C6740E282745}.Debug|Any CPU.ActiveCfg = Debug|Any CPU
		{88149A74-6869-4928-A2BC-C6740E282745}.Debug|Any CPU.Build.0 = Debug|Any CPU
		{88149A74-6869-4928-A2BC-C6740E282745}.Debug|x64.ActiveCfg = Debug|Any CPU
		{88149A74-6869-4928-A2BC-C6740E282745}.Debug|x64.Build.0 = Debug|Any CPU
		{88149A74-6869-4928-A2BC-C6740E282745}.Release|Any CPU.ActiveCfg = Release|Any CPU
		{88149A74-6869-4928-A2BC-C6740E282745}.Release|Any CPU.Build.0 = Release|Any CPU
		{88149A74-6869-4928-A2BC-C6740E282745}.Release|x64.ActiveCfg = Release|Any CPU
		{88149A74-6869-4928-A2BC-C6740E282745}.Release|x64.Build.0 = Release|Any CPU
		{916CB3B4-0B25-444F-9334-C0CB4B61BA8D}.Debug|Any CPU.ActiveCfg = Debug|Any CPU
		{916CB3B4-0B25-444F-9334-C0CB4B61BA8D}.Debug|Any CPU.Build.0 = Debug|Any CPU
		{916CB3B4-0B25-444F-9334-C0CB4B61BA8D}.Debug|x64.ActiveCfg = Debug|Any CPU
		{916CB3B4-0B25-444F-9334-C0CB4B61BA8D}.Debug|x64.Build.0 = Debug|Any CPU
		{916CB3B4-0B25-444F-9334-C0CB4B61BA8D}.Release|Any CPU.ActiveCfg = Release|Any CPU
		{916CB3B4-0B25-444F-9334-C0CB4B61BA8D}.Release|Any CPU.Build.0 = Release|Any CPU
		{916CB3B4-0B25-444F-9334-C0CB4B61BA8D}.Release|x64.ActiveCfg = Release|Any CPU
		{916CB3B4-0B25-444F-9334-C0CB4B61BA8D}.Release|x64.Build.0 = Release|Any CPU
	EndGlobalSection
	GlobalSection(SolutionProperties) = preSolution
		HideSolutionNode = FALSE
	EndGlobalSection
	GlobalSection(NestedProjects) = preSolution
		{D3F34989-74D9-443C-8053-593FE5FCB4F9} = {219729EE-BF8A-46E2-8207-15FAB0343683}
		{73030A97-EEB2-4A5B-97EA-E893A01B5028} = {008D0426-467F-42F3-98FF-CF3F2690A5D6}
		{81EA73E0-AB9E-4510-8332-A8BA570DDE8F} = {A87D1258-98B9-4C70-8BB4-671582B52B93}
		{DBB61E1D-9F6F-4BAE-BD3B-4EB3468D7DDA} = {A87D1258-98B9-4C70-8BB4-671582B52B93}
		{67CCCE11-CF4F-424D-9373-77CA880EEC36} = {166D11B4-EE20-4A40-8514-49B85200D9CE}
		{9F826BF0-4B75-4BE7-8165-7BFE9BB3A1EE} = {166D11B4-EE20-4A40-8514-49B85200D9CE}
		{916CB3B4-0B25-444F-9334-C0CB4B61BA8D} = {008D0426-467F-42F3-98FF-CF3F2690A5D6}
	EndGlobalSection
	GlobalSection(ExtensibilityGlobals) = postSolution
		SolutionGuid = {55C576C6-1C9E-41F9-9615-E315D6EF7E70}
	EndGlobalSection
EndGlobal
